// !$*UTF8*$!
{
	archiveVersion = 1;
	classes = {
	};
	objectVersion = 77;
	objects = {

/* Begin PBXBuildFile section */
		C6206FC22DD7C075002C1C9C /* akaiutil_take.c in Sources */ = {isa = PBXBuildFile; fileRef = C6206FB62DD7C075002C1C9C /* akaiutil_take.c */; };
		C6206FC42DD7C075002C1C9C /* akaiutil_trim.c in Sources */ = {isa = PBXBuildFile; fileRef = C6206FBA2DD7C075002C1C9C /* akaiutil_trim.c */; };
		C6206FC52DD7C075002C1C9C /* commonlib.c in Sources */ = {isa = PBXBuildFile; fileRef = C6206FBF2DD7C075002C1C9C /* commonlib.c */; };
		C6206FC62DD7C075002C1C9C /* akaiutil_io.c in Sources */ = {isa = PBXBuildFile; fileRef = C6206FB32DD7C075002C1C9C /* akaiutil_io.c */; };
		C6206FC72DD7C075002C1C9C /* akaiutil_wav.c in Sources */ = {isa = PBXBuildFile; fileRef = C6206FBC2DD7C075002C1C9C /* akaiutil_wav.c */; };
		C6206FC82DD7C075002C1C9C /* akaiutil_check.c in Sources */ = {isa = PBXBuildFile; fileRef = C6206FAF2DD7C075002C1C9C /* akaiutil_check.c */; };
		C6206FC92DD7C075002C1C9C /* akaiutil_tar.c in Sources */ = {isa = PBXBuildFile; fileRef = C6206FB82DD7C075002C1C9C /* akaiutil_tar.c */; };
		C6206FCA2DD7C075002C1C9C /* akaiutil_audioutils.c in Sources */ = {isa = PBXBuildFile; fileRef = C6206FAD2DD7C075002C1C9C /* akaiutil_audioutils.c */; };
		C6206FCB2DD7C075002C1C9C /* akaiutil_file.c in Sources */ = {isa = PBXBuildFile; fileRef = C6206FB12DD7C075002C1C9C /* akaiutil_file.c */; };
		C6206FCC2DD7C075002C1C9C /* akaiutil.c in Sources */ = {isa = PBXBuildFile; fileRef = C6206FAB2DD7C075002C1C9C /* akaiutil.c */; };
		C62070352DD7C0E9002C1C9C /* SilenceSettingsView.swift in Sources */ = {isa = PBXBuildFile; fileRef = C620701C2DD7C0E9002C1C9C /* SilenceSettingsView.swift */; };
		C62070362DD7C0E9002C1C9C /* SoundPreviewPlayer.swift in Sources */ = {isa = PBXBuildFile; fileRef = C620701F2DD7C0E9002C1C9C /* SoundPreviewPlayer.swift */; };
		C62070372DD7C0E9002C1C9C /* SamplerSettingsView.swift in Sources */ = {isa = PBXBuildFile; fileRef = C62070132DD7C0E9002C1C9C /* SamplerSettingsView.swift */; };
		C62070382DD7C0E9002C1C9C /* StatusOverlayView.swift in Sources */ = {isa = PBXBuildFile; fileRef = C62070212DD7C0E9002C1C9C /* StatusOverlayView.swift */; };
		C62070392DD7C0E9002C1C9C /* SamplerTarget.swift in Sources */ = {isa = PBXBuildFile; fileRef = C62070152DD7C0E9002C1C9C /* SamplerTarget.swift */; };
		C620703A2DD7C0E9002C1C9C /* SamplerType.swift in Sources */ = {isa = PBXBuildFile; fileRef = C62070162DD7C0E9002C1C9C /* SamplerType.swift */; };
		C620703B2DD7C0E9002C1C9C /* WavPlayer.swift in Sources */ = {isa = PBXBuildFile; fileRef = C62070302DD7C0E9002C1C9C /* WavPlayer.swift */; };
		C620703C2DD7C0E9002C1C9C /* View+Extensions.swift in Sources */ = {isa = PBXBuildFile; fileRef = C62070292DD7C0E9002C1C9C /* View+Extensions.swift */; };
		C620703D2DD7C0E9002C1C9C /* SampleTaskQueue.swift in Sources */ = {isa = PBXBuildFile; fileRef = C62070182DD7C0E9002C1C9C /* SampleTaskQueue.swift */; };
		C620703E2DD7C0E9002C1C9C /* TrimOptions.swift in Sources */ = {isa = PBXBuildFile; fileRef = C62070252DD7C0E9002C1C9C /* TrimOptions.swift */; };
		C620703F2DD7C0E9002C1C9C /* ToggleOption.swift in Sources */ = {isa = PBXBuildFile; fileRef = C62070242DD7C0E9002C1C9C /* ToggleOption.swift */; };
		C62070402DD7C0E9002C1C9C /* WaveformPreview.swift in Sources */ = {isa = PBXBuildFile; fileRef = C620702C2DD7C0E9002C1C9C /* WaveformPreview.swift */; };
		C62070412DD7C0E9002C1C9C /* SilencePaddingView.swift in Sources */ = {isa = PBXBuildFile; fileRef = C620701B2DD7C0E9002C1C9C /* SilencePaddingView.swift */; };
		C62070422DD7C0E9002C1C9C /* WavPreviewPlayer.swift in Sources */ = {isa = PBXBuildFile; fileRef = C62070312DD7C0E9002C1C9C /* WavPreviewPlayer.swift */; };
		C62070432DD7C0E9002C1C9C /* VolumeNormalizationView.swift in Sources */ = {isa = PBXBuildFile; fileRef = C620702A2DD7C0E9002C1C9C /* VolumeNormalizationView.swift */; };
		C62070442DD7C0E9002C1C9C /* WAVHeader.swift in Sources */ = {isa = PBXBuildFile; fileRef = C620702F2DD7C0E9002C1C9C /* WAVHeader.swift */; };
		C62070452DD7C0E9002C1C9C /* WavVisualizer..swift in Sources */ = {isa = PBXBuildFile; fileRef = C62070322DD7C0E9002C1C9C /* WavVisualizer..swift */; };
		C62070462DD7C0E9002C1C9C /* WaveformUtils.swift in Sources */ = {isa = PBXBuildFile; fileRef = C620702D2DD7C0E9002C1C9C /* WaveformUtils.swift */; };
		C62070472DD7C0E9002C1C9C /* WavWriter.swift in Sources */ = {isa = PBXBuildFile; fileRef = C62070332DD7C0E9002C1C9C /* WavWriter.swift */; };
		C62070482DD7C0E9002C1C9C /* SilenceUtils.swift in Sources */ = {isa = PBXBuildFile; fileRef = C620701E2DD7C0E9002C1C9C /* SilenceUtils.swift */; };
		C62070492DD7C0E9002C1C9C /* WaveformView.swift in Sources */ = {isa = PBXBuildFile; fileRef = C620702E2DD7C0E9002C1C9C /* WaveformView.swift */; };
		C620704A2DD7C0E9002C1C9C /* SamplerWarningView.swift in Sources */ = {isa = PBXBuildFile; fileRef = C62070172DD7C0E9002C1C9C /* SamplerWarningView.swift */; };
		C620704B2DD7C0E9002C1C9C /* WaveformAnalyzer.swift in Sources */ = {isa = PBXBuildFile; fileRef = C620702B2DD7C0E9002C1C9C /* WaveformAnalyzer.swift */; };
		C620704C2DD7C0E9002C1C9C /* TrimOptionsView.swift in Sources */ = {isa = PBXBuildFile; fileRef = C62070262DD7C0E9002C1C9C /* TrimOptionsView.swift */; };
		C620704D2DD7C0E9002C1C9C /* SettingsManager.swift in Sources */ = {isa = PBXBuildFile; fileRef = C620701A2DD7C0E9002C1C9C /* SettingsManager.swift */; };
		C620704E2DD7C0E9002C1C9C /* SamplingSettings.swift in Sources */ = {isa = PBXBuildFile; fileRef = C62070192DD7C0E9002C1C9C /* SamplingSettings.swift */; };
		C620704F2DD7C0E9002C1C9C /* StatusIndicatorView.swift in Sources */ = {isa = PBXBuildFile; fileRef = C62070202DD7C0E9002C1C9C /* StatusIndicatorView.swift */; };
		C62070502DD7C0E9002C1C9C /* SilenceTrimmer.swift in Sources */ = {isa = PBXBuildFile; fileRef = C620701D2DD7C0E9002C1C9C /* SilenceTrimmer.swift */; };
		C62070512DD7C0E9002C1C9C /* TaskRunner.swift in Sources */ = {isa = PBXBuildFile; fileRef = C62070232DD7C0E9002C1C9C /* TaskRunner.swift */; };
		C62070522DD7C0E9002C1C9C /* SamplerSettingsViewModel.swift in Sources */ = {isa = PBXBuildFile; fileRef = C62070142DD7C0E9002C1C9C /* SamplerSettingsViewModel.swift */; };
		C62070532DD7C0E9002C1C9C /* TrimUtility.swift in Sources */ = {isa = PBXBuildFile; fileRef = C62070272DD7C0E9002C1C9C /* TrimUtility.swift */; };
		C62070542DD7C0E9002C1C9C /* SystemVolumeManager.swift in Sources */ = {isa = PBXBuildFile; fileRef = C62070222DD7C0E9002C1C9C /* SystemVolumeManager.swift */; };
		C62070552DD7C0E9002C1C9C /* SamplerSettings.swift in Sources */ = {isa = PBXBuildFile; fileRef = C62070122DD7C0E9002C1C9C /* SamplerSettings.swift */; };
		C62070562DD7C0E9002C1C9C /* UserPreferences.swift in Sources */ = {isa = PBXBuildFile; fileRef = C62070282DD7C0E9002C1C9C /* UserPreferences.swift */; };
		C638B9822DD83F3C000E4B43 /* SampleProcessingTask.swift in Sources */ = {isa = PBXBuildFile; fileRef = C638B9812DD83F3C000E4B43 /* SampleProcessingTask.swift */; };
		C638B9832DD83F3C000E4B43 /* AkaiSampleTask.swift in Sources */ = {isa = PBXBuildFile; fileRef = C638B9802DD83F3C000E4B43 /* AkaiSampleTask.swift */; };
		C638B9852DD83FE1000E4B43 /* ExportPreferences.swift in Sources */ = {isa = PBXBuildFile; fileRef = C638B9842DD83FE1000E4B43 /* ExportPreferences.swift */; };
		C638B9922DD85562000E4B43 /* ContentView.swift in Sources */ = {isa = PBXBuildFile; fileRef = C638B9912DD8555D000E4B43 /* ContentView.swift */; };
		C638B9942DD857E8000E4B43 /* AkaiSConvertApp.swift in Sources */ = {isa = PBXBuildFile; fileRef = C638B9932DD857E6000E4B43 /* AkaiSConvertApp.swift */; };
		C638B9962DD85DA4000E4B43 /* FileDropView.swift in Sources */ = {isa = PBXBuildFile; fileRef = C638B9952DD85DA4000E4B43 /* FileDropView.swift */; };
		C63ED1E52DD087FF00A72418 /* libsndfile.1.0.37.dylib in Frameworks */ = {isa = PBXBuildFile; fileRef = C63ED1BC2DD087AE00A72418 /* libsndfile.1.0.37.dylib */; };
		C6C2169D2DD5A1F10021EABE /* README.md in Resources */ = {isa = PBXBuildFile; fileRef = C6C2169C2DD5A1F10021EABE /* README.md */; };
		C6C2169F2DD5A2F70021EABE /* NOTICE.me in Resources */ = {isa = PBXBuildFile; fileRef = C6C2169E2DD5A2EE0021EABE /* NOTICE.me */; };
		C6C216A22DD5A3C10021EABE /* LICENSE in Resources */ = {isa = PBXBuildFile; fileRef = C6C216A12DD5A3C10021EABE /* LICENSE */; };
/* End PBXBuildFile section */

/* Begin PBXContainerItemProxy section */
		C6CE0FC02DCDA7AF0028F722 /* PBXContainerItemProxy */ = {
			isa = PBXContainerItemProxy;
			containerPortal = C6CE0FA92DCDA7AD0028F722 /* Project object */;
			proxyType = 1;
			remoteGlobalIDString = C6CE0FB02DCDA7AD0028F722;
			remoteInfo = AkaiSConvert;
		};
		C6CE0FCA2DCDA7AF0028F722 /* PBXContainerItemProxy */ = {
			isa = PBXContainerItemProxy;
			containerPortal = C6CE0FA92DCDA7AD0028F722 /* Project object */;
			proxyType = 1;
			remoteGlobalIDString = C6CE0FB02DCDA7AD0028F722;
			remoteInfo = AkaiSConvert;
		};
/* End PBXContainerItemProxy section */

/* Begin PBXFileReference section */
		C6206FA92DD7C075002C1C9C /* akai_constants.h */ = {isa = PBXFileReference; lastKnownFileType = sourcecode.c.h; path = akai_constants.h; sourceTree = "<group>"; };
		C6206FAA2DD7C075002C1C9C /* akaiutil.h */ = {isa = PBXFileReference; lastKnownFileType = sourcecode.c.h; path = akaiutil.h; sourceTree = "<group>"; };
		C6206FAB2DD7C075002C1C9C /* akaiutil.c */ = {isa = PBXFileReference; lastKnownFileType = sourcecode.c.c; path = akaiutil.c; sourceTree = "<group>"; };
		C6206FAC2DD7C075002C1C9C /* akaiutil_audioutils.h */ = {isa = PBXFileReference; lastKnownFileType = sourcecode.c.h; path = akaiutil_audioutils.h; sourceTree = "<group>"; };
		C6206FAD2DD7C075002C1C9C /* akaiutil_audioutils.c */ = {isa = PBXFileReference; lastKnownFileType = sourcecode.c.c; path = akaiutil_audioutils.c; sourceTree = "<group>"; };
		C6206FAE2DD7C075002C1C9C /* akaiutil_check.h */ = {isa = PBXFileReference; lastKnownFileType = sourcecode.c.h; path = akaiutil_check.h; sourceTree = "<group>"; };
		C6206FAF2DD7C075002C1C9C /* akaiutil_check.c */ = {isa = PBXFileReference; lastKnownFileType = sourcecode.c.c; path = akaiutil_check.c; sourceTree = "<group>"; };
		C6206FB02DD7C075002C1C9C /* akaiutil_file.h */ = {isa = PBXFileReference; lastKnownFileType = sourcecode.c.h; path = akaiutil_file.h; sourceTree = "<group>"; };
		C6206FB12DD7C075002C1C9C /* akaiutil_file.c */ = {isa = PBXFileReference; lastKnownFileType = sourcecode.c.c; path = akaiutil_file.c; sourceTree = "<group>"; };
		C6206FB22DD7C075002C1C9C /* akaiutil_io.h */ = {isa = PBXFileReference; lastKnownFileType = sourcecode.c.h; path = akaiutil_io.h; sourceTree = "<group>"; };
		C6206FB32DD7C075002C1C9C /* akaiutil_io.c */ = {isa = PBXFileReference; lastKnownFileType = sourcecode.c.c; path = akaiutil_io.c; sourceTree = "<group>"; };
		C6206FB42DD7C075002C1C9C /* akaiutil_main.c */ = {isa = PBXFileReference; lastKnownFileType = sourcecode.c.c; path = akaiutil_main.c; sourceTree = "<group>"; };
		C6206FB52DD7C075002C1C9C /* akaiutil_take.h */ = {isa = PBXFileReference; lastKnownFileType = sourcecode.c.h; path = akaiutil_take.h; sourceTree = "<group>"; };
		C6206FB62DD7C075002C1C9C /* akaiutil_take.c */ = {isa = PBXFileReference; lastKnownFileType = sourcecode.c.c; path = akaiutil_take.c; sourceTree = "<group>"; };
		C6206FB72DD7C075002C1C9C /* akaiutil_tar.h */ = {isa = PBXFileReference; lastKnownFileType = sourcecode.c.h; path = akaiutil_tar.h; sourceTree = "<group>"; };
		C6206FB82DD7C075002C1C9C /* akaiutil_tar.c */ = {isa = PBXFileReference; lastKnownFileType = sourcecode.c.c; path = akaiutil_tar.c; sourceTree = "<group>"; };
		C6206FB92DD7C075002C1C9C /* akaiutil_trim.h */ = {isa = PBXFileReference; lastKnownFileType = sourcecode.c.h; path = akaiutil_trim.h; sourceTree = "<group>"; };
		C6206FBA2DD7C075002C1C9C /* akaiutil_trim.c */ = {isa = PBXFileReference; lastKnownFileType = sourcecode.c.c; path = akaiutil_trim.c; sourceTree = "<group>"; };
		C6206FBB2DD7C075002C1C9C /* akaiutil_wav.h */ = {isa = PBXFileReference; lastKnownFileType = sourcecode.c.h; path = akaiutil_wav.h; sourceTree = "<group>"; };
		C6206FBC2DD7C075002C1C9C /* akaiutil_wav.c */ = {isa = PBXFileReference; lastKnownFileType = sourcecode.c.c; path = akaiutil_wav.c; sourceTree = "<group>"; };
		C6206FBD2DD7C075002C1C9C /* Bridging-Header.h */ = {isa = PBXFileReference; lastKnownFileType = sourcecode.c.h; path = "Bridging-Header.h"; sourceTree = "<group>"; };
		C6206FBE2DD7C075002C1C9C /* commoninclude.h */ = {isa = PBXFileReference; lastKnownFileType = sourcecode.c.h; path = commoninclude.h; sourceTree = "<group>"; };
		C6206FBF2DD7C075002C1C9C /* commonlib.c */ = {isa = PBXFileReference; lastKnownFileType = sourcecode.c.c; path = commonlib.c; sourceTree = "<group>"; };
		C6206FC02DD7C075002C1C9C /* fdrawcmd.h */ = {isa = PBXFileReference; lastKnownFileType = sourcecode.c.h; path = fdrawcmd.h; sourceTree = "<group>"; };
		C62070122DD7C0E9002C1C9C /* SamplerSettings.swift */ = {isa = PBXFileReference; lastKnownFileType = sourcecode.swift; path = SamplerSettings.swift; sourceTree = "<group>"; };
		C62070132DD7C0E9002C1C9C /* SamplerSettingsView.swift */ = {isa = PBXFileReference; lastKnownFileType = sourcecode.swift; path = SamplerSettingsView.swift; sourceTree = "<group>"; };
		C62070142DD7C0E9002C1C9C /* SamplerSettingsViewModel.swift */ = {isa = PBXFileReference; lastKnownFileType = sourcecode.swift; path = SamplerSettingsViewModel.swift; sourceTree = "<group>"; };
		C62070152DD7C0E9002C1C9C /* SamplerTarget.swift */ = {isa = PBXFileReference; lastKnownFileType = sourcecode.swift; path = SamplerTarget.swift; sourceTree = "<group>"; };
		C62070162DD7C0E9002C1C9C /* SamplerType.swift */ = {isa = PBXFileReference; lastKnownFileType = sourcecode.swift; path = SamplerType.swift; sourceTree = "<group>"; };
		C62070172DD7C0E9002C1C9C /* SamplerWarningView.swift */ = {isa = PBXFileReference; lastKnownFileType = sourcecode.swift; path = SamplerWarningView.swift; sourceTree = "<group>"; };
		C62070182DD7C0E9002C1C9C /* SampleTaskQueue.swift */ = {isa = PBXFileReference; lastKnownFileType = sourcecode.swift; path = SampleTaskQueue.swift; sourceTree = "<group>"; };
		C62070192DD7C0E9002C1C9C /* SamplingSettings.swift */ = {isa = PBXFileReference; lastKnownFileType = sourcecode.swift; path = SamplingSettings.swift; sourceTree = "<group>"; };
		C620701A2DD7C0E9002C1C9C /* SettingsManager.swift */ = {isa = PBXFileReference; lastKnownFileType = sourcecode.swift; path = SettingsManager.swift; sourceTree = "<group>"; };
		C620701B2DD7C0E9002C1C9C /* SilencePaddingView.swift */ = {isa = PBXFileReference; lastKnownFileType = sourcecode.swift; path = SilencePaddingView.swift; sourceTree = "<group>"; };
		C620701C2DD7C0E9002C1C9C /* SilenceSettingsView.swift */ = {isa = PBXFileReference; lastKnownFileType = sourcecode.swift; path = SilenceSettingsView.swift; sourceTree = "<group>"; };
		C620701D2DD7C0E9002C1C9C /* SilenceTrimmer.swift */ = {isa = PBXFileReference; lastKnownFileType = sourcecode.swift; path = SilenceTrimmer.swift; sourceTree = "<group>"; };
		C620701E2DD7C0E9002C1C9C /* SilenceUtils.swift */ = {isa = PBXFileReference; lastKnownFileType = sourcecode.swift; path = SilenceUtils.swift; sourceTree = "<group>"; };
		C620701F2DD7C0E9002C1C9C /* SoundPreviewPlayer.swift */ = {isa = PBXFileReference; lastKnownFileType = sourcecode.swift; path = SoundPreviewPlayer.swift; sourceTree = "<group>"; };
		C62070202DD7C0E9002C1C9C /* StatusIndicatorView.swift */ = {isa = PBXFileReference; lastKnownFileType = sourcecode.swift; path = StatusIndicatorView.swift; sourceTree = "<group>"; };
		C62070212DD7C0E9002C1C9C /* StatusOverlayView.swift */ = {isa = PBXFileReference; lastKnownFileType = sourcecode.swift; path = StatusOverlayView.swift; sourceTree = "<group>"; };
		C62070222DD7C0E9002C1C9C /* SystemVolumeManager.swift */ = {isa = PBXFileReference; lastKnownFileType = sourcecode.swift; path = SystemVolumeManager.swift; sourceTree = "<group>"; };
		C62070232DD7C0E9002C1C9C /* TaskRunner.swift */ = {isa = PBXFileReference; lastKnownFileType = sourcecode.swift; path = TaskRunner.swift; sourceTree = "<group>"; };
		C62070242DD7C0E9002C1C9C /* ToggleOption.swift */ = {isa = PBXFileReference; lastKnownFileType = sourcecode.swift; path = ToggleOption.swift; sourceTree = "<group>"; };
		C62070252DD7C0E9002C1C9C /* TrimOptions.swift */ = {isa = PBXFileReference; lastKnownFileType = sourcecode.swift; path = TrimOptions.swift; sourceTree = "<group>"; };
		C62070262DD7C0E9002C1C9C /* TrimOptionsView.swift */ = {isa = PBXFileReference; lastKnownFileType = sourcecode.swift; path = TrimOptionsView.swift; sourceTree = "<group>"; };
		C62070272DD7C0E9002C1C9C /* TrimUtility.swift */ = {isa = PBXFileReference; lastKnownFileType = sourcecode.swift; path = TrimUtility.swift; sourceTree = "<group>"; };
		C62070282DD7C0E9002C1C9C /* UserPreferences.swift */ = {isa = PBXFileReference; lastKnownFileType = sourcecode.swift; path = UserPreferences.swift; sourceTree = "<group>"; };
		C62070292DD7C0E9002C1C9C /* View+Extensions.swift */ = {isa = PBXFileReference; lastKnownFileType = sourcecode.swift; path = "View+Extensions.swift"; sourceTree = "<group>"; };
		C620702A2DD7C0E9002C1C9C /* VolumeNormalizationView.swift */ = {isa = PBXFileReference; lastKnownFileType = sourcecode.swift; path = VolumeNormalizationView.swift; sourceTree = "<group>"; };
		C620702B2DD7C0E9002C1C9C /* WaveformAnalyzer.swift */ = {isa = PBXFileReference; lastKnownFileType = sourcecode.swift; path = WaveformAnalyzer.swift; sourceTree = "<group>"; };
		C620702C2DD7C0E9002C1C9C /* WaveformPreview.swift */ = {isa = PBXFileReference; lastKnownFileType = sourcecode.swift; path = WaveformPreview.swift; sourceTree = "<group>"; };
		C620702D2DD7C0E9002C1C9C /* WaveformUtils.swift */ = {isa = PBXFileReference; lastKnownFileType = sourcecode.swift; path = WaveformUtils.swift; sourceTree = "<group>"; };
		C620702E2DD7C0E9002C1C9C /* WaveformView.swift */ = {isa = PBXFileReference; lastKnownFileType = sourcecode.swift; path = WaveformView.swift; sourceTree = "<group>"; };
		C620702F2DD7C0E9002C1C9C /* WAVHeader.swift */ = {isa = PBXFileReference; lastKnownFileType = sourcecode.swift; path = WAVHeader.swift; sourceTree = "<group>"; };
		C62070302DD7C0E9002C1C9C /* WavPlayer.swift */ = {isa = PBXFileReference; lastKnownFileType = sourcecode.swift; path = WavPlayer.swift; sourceTree = "<group>"; };
		C62070312DD7C0E9002C1C9C /* WavPreviewPlayer.swift */ = {isa = PBXFileReference; lastKnownFileType = sourcecode.swift; path = WavPreviewPlayer.swift; sourceTree = "<group>"; };
		C62070322DD7C0E9002C1C9C /* WavVisualizer..swift */ = {isa = PBXFileReference; lastKnownFileType = sourcecode.swift; path = WavVisualizer..swift; sourceTree = "<group>"; };
		C62070332DD7C0E9002C1C9C /* WavWriter.swift */ = {isa = PBXFileReference; lastKnownFileType = sourcecode.swift; path = WavWriter.swift; sourceTree = "<group>"; };
		C638B9802DD83F3C000E4B43 /* AkaiSampleTask.swift */ = {isa = PBXFileReference; lastKnownFileType = sourcecode.swift; path = AkaiSampleTask.swift; sourceTree = "<group>"; };
		C638B9812DD83F3C000E4B43 /* SampleProcessingTask.swift */ = {isa = PBXFileReference; lastKnownFileType = sourcecode.swift; path = SampleProcessingTask.swift; sourceTree = "<group>"; };
		C638B9842DD83FE1000E4B43 /* ExportPreferences.swift */ = {isa = PBXFileReference; lastKnownFileType = sourcecode.swift; path = ExportPreferences.swift; sourceTree = "<group>"; };
		C638B9862DD84671000E4B43 /* sample.h */ = {isa = PBXFileReference; lastKnownFileType = sourcecode.c.h; path = sample.h; sourceTree = "<group>"; };
		C638B9902DD84D3F000E4B43 /* akaiutil_constants.h */ = {isa = PBXFileReference; lastKnownFileType = sourcecode.c.h; path = akaiutil_constants.h; sourceTree = "<group>"; };
		C638B9912DD8555D000E4B43 /* ContentView.swift */ = {isa = PBXFileReference; lastKnownFileType = sourcecode.swift; path = ContentView.swift; sourceTree = "<group>"; };
		C638B9932DD857E6000E4B43 /* AkaiSConvertApp.swift */ = {isa = PBXFileReference; lastKnownFileType = sourcecode.swift; path = AkaiSConvertApp.swift; sourceTree = "<group>"; };
		C638B9952DD85DA4000E4B43 /* FileDropView.swift */ = {isa = PBXFileReference; lastKnownFileType = sourcecode.swift; path = FileDropView.swift; sourceTree = "<group>"; };
		C63ED1A12DD087AE00A72418 /* libsndfile.rb */ = {isa = PBXFileReference; lastKnownFileType = text.script.ruby; path = libsndfile.rb; sourceTree = "<group>"; };
		C63ED1A32DD087AE00A72418 /* sndfile-cmp */ = {isa = PBXFileReference; lastKnownFileType = "compiled.mach-o.executable"; path = "sndfile-cmp"; sourceTree = "<group>"; };
		C63ED1A42DD087AE00A72418 /* sndfile-concat */ = {isa = PBXFileReference; lastKnownFileType = "compiled.mach-o.executable"; path = "sndfile-concat"; sourceTree = "<group>"; };
		C63ED1A52DD087AE00A72418 /* sndfile-convert */ = {isa = PBXFileReference; lastKnownFileType = "compiled.mach-o.executable"; path = "sndfile-convert"; sourceTree = "<group>"; };
		C63ED1A62DD087AE00A72418 /* sndfile-deinterleave */ = {isa = PBXFileReference; lastKnownFileType = "compiled.mach-o.executable"; path = "sndfile-deinterleave"; sourceTree = "<group>"; };
		C63ED1A72DD087AE00A72418 /* sndfile-info */ = {isa = PBXFileReference; lastKnownFileType = "compiled.mach-o.executable"; path = "sndfile-info"; sourceTree = "<group>"; };
		C63ED1A82DD087AE00A72418 /* sndfile-interleave */ = {isa = PBXFileReference; lastKnownFileType = "compiled.mach-o.executable"; path = "sndfile-interleave"; sourceTree = "<group>"; };
		C63ED1A92DD087AE00A72418 /* sndfile-metadata-get */ = {isa = PBXFileReference; lastKnownFileType = "compiled.mach-o.executable"; path = "sndfile-metadata-get"; sourceTree = "<group>"; };
		C63ED1AA2DD087AE00A72418 /* sndfile-metadata-set */ = {isa = PBXFileReference; lastKnownFileType = "compiled.mach-o.executable"; path = "sndfile-metadata-set"; sourceTree = "<group>"; };
		C63ED1AB2DD087AE00A72418 /* sndfile-play */ = {isa = PBXFileReference; lastKnownFileType = "compiled.mach-o.executable"; path = "sndfile-play"; sourceTree = "<group>"; };
		C63ED1AC2DD087AE00A72418 /* sndfile-salvage */ = {isa = PBXFileReference; lastKnownFileType = "compiled.mach-o.executable"; path = "sndfile-salvage"; sourceTree = "<group>"; };
		C63ED1AE2DD087AE00A72418 /* sndfile.h */ = {isa = PBXFileReference; lastKnownFileType = sourcecode.c.h; path = sndfile.h; sourceTree = "<group>"; };
		C63ED1AF2DD087AE00A72418 /* sndfile.hh */ = {isa = PBXFileReference; lastKnownFileType = sourcecode.cpp.h; path = sndfile.hh; sourceTree = "<group>"; };
		C63ED1B12DD087AE00A72418 /* SndFileConfig.cmake */ = {isa = PBXFileReference; lastKnownFileType = text; path = SndFileConfig.cmake; sourceTree = "<group>"; };
		C63ED1B22DD087AE00A72418 /* SndFileConfigVersion.cmake */ = {isa = PBXFileReference; lastKnownFileType = text; path = SndFileConfigVersion.cmake; sourceTree = "<group>"; };
		C63ED1B32DD087AE00A72418 /* SndFileTargets.cmake */ = {isa = PBXFileReference; lastKnownFileType = text; path = SndFileTargets.cmake; sourceTree = "<group>"; };
		C63ED1B42DD087AE00A72418 /* SndFileTargets-release.cmake */ = {isa = PBXFileReference; lastKnownFileType = text; path = "SndFileTargets-release.cmake"; sourceTree = "<group>"; };
		C63ED1B72DD087AE00A72418 /* sndfile.pc */ = {isa = PBXFileReference; lastKnownFileType = text; path = sndfile.pc; sourceTree = "<group>"; };
		C63ED1B92DD087AE00A72418 /* libsndfile.a */ = {isa = PBXFileReference; lastKnownFileType = archive.ar; path = libsndfile.a; sourceTree = "<group>"; };
		C63ED1BA2DD087AE00A72418 /* libsndfile.dylib */ = {isa = PBXFileReference; lastKnownFileType = "compiled.mach-o.dylib"; path = libsndfile.dylib; sourceTree = "<group>"; };
		C63ED1BB2DD087AE00A72418 /* libsndfile.1.dylib */ = {isa = PBXFileReference; lastKnownFileType = "compiled.mach-o.dylib"; path = libsndfile.1.dylib; sourceTree = "<group>"; };
		C63ED1BC2DD087AE00A72418 /* libsndfile.1.0.37.dylib */ = {isa = PBXFileReference; lastKnownFileType = "compiled.mach-o.dylib"; path = libsndfile.1.0.37.dylib; sourceTree = "<group>"; };
		C63ED1BE2DD087AE00A72418 /* api.md */ = {isa = PBXFileReference; lastKnownFileType = net.daringfireball.markdown; path = api.md; sourceTree = "<group>"; };
		C63ED1BF2DD087AE00A72418 /* bugs.md */ = {isa = PBXFileReference; lastKnownFileType = net.daringfireball.markdown; path = bugs.md; sourceTree = "<group>"; };
		C63ED1C02DD087AE00A72418 /* command.md */ = {isa = PBXFileReference; lastKnownFileType = net.daringfireball.markdown; path = command.md; sourceTree = "<group>"; };
		C63ED1C12DD087AE00A72418 /* embedded_files.md */ = {isa = PBXFileReference; lastKnownFileType = net.daringfireball.markdown; path = embedded_files.md; sourceTree = "<group>"; };
		C63ED1C22DD087AE00A72418 /* FAQ.md */ = {isa = PBXFileReference; lastKnownFileType = net.daringfireball.markdown; path = FAQ.md; sourceTree = "<group>"; };
		C63ED1C32DD087AE00A72418 /* formats.md */ = {isa = PBXFileReference; lastKnownFileType = net.daringfireball.markdown; path = formats.md; sourceTree = "<group>"; };
		C63ED1C42DD087AE00A72418 /* index.md */ = {isa = PBXFileReference; lastKnownFileType = net.daringfireball.markdown; path = index.md; sourceTree = "<group>"; };
		C63ED1C52DD087AE00A72418 /* libsndfile.css */ = {isa = PBXFileReference; lastKnownFileType = text.css; path = libsndfile.css; sourceTree = "<group>"; };
		C63ED1C62DD087AE00A72418 /* libsndfile.jpg */ = {isa = PBXFileReference; lastKnownFileType = image.jpeg; path = libsndfile.jpg; sourceTree = "<group>"; };
		C63ED1C72DD087AE00A72418 /* lists.md */ = {isa = PBXFileReference; lastKnownFileType = net.daringfireball.markdown; path = lists.md; sourceTree = "<group>"; };
		C63ED1C82DD087AE00A72418 /* new_file_type_howto.md */ = {isa = PBXFileReference; lastKnownFileType = net.daringfireball.markdown; path = new_file_type_howto.md; sourceTree = "<group>"; };
		C63ED1C92DD087AE00A72418 /* octave.md */ = {isa = PBXFileReference; lastKnownFileType = net.daringfireball.markdown; path = octave.md; sourceTree = "<group>"; };
		C63ED1CA2DD087AE00A72418 /* print.css */ = {isa = PBXFileReference; lastKnownFileType = text.css; path = print.css; sourceTree = "<group>"; };
		C63ED1CB2DD087AE00A72418 /* sndfile_info.md */ = {isa = PBXFileReference; lastKnownFileType = net.daringfireball.markdown; path = sndfile_info.md; sourceTree = "<group>"; };
		C63ED1CC2DD087AE00A72418 /* tutorial.md */ = {isa = PBXFileReference; lastKnownFileType = net.daringfireball.markdown; path = tutorial.md; sourceTree = "<group>"; };
		C63ED1CD2DD087AE00A72418 /* win32.md */ = {isa = PBXFileReference; lastKnownFileType = net.daringfireball.markdown; path = win32.md; sourceTree = "<group>"; };
		C63ED1D02DD087AE00A72418 /* sndfile-cmp.1 */ = {isa = PBXFileReference; lastKnownFileType = text.man; path = "sndfile-cmp.1"; sourceTree = "<group>"; };
		C63ED1D12DD087AE00A72418 /* sndfile-concat.1 */ = {isa = PBXFileReference; lastKnownFileType = text.man; path = "sndfile-concat.1"; sourceTree = "<group>"; };
		C63ED1D22DD087AE00A72418 /* sndfile-convert.1 */ = {isa = PBXFileReference; lastKnownFileType = text.man; path = "sndfile-convert.1"; sourceTree = "<group>"; };
		C63ED1D32DD087AE00A72418 /* sndfile-deinterleave.1 */ = {isa = PBXFileReference; lastKnownFileType = text.man; path = "sndfile-deinterleave.1"; sourceTree = "<group>"; };
		C63ED1D42DD087AE00A72418 /* sndfile-info.1 */ = {isa = PBXFileReference; lastKnownFileType = text.man; path = "sndfile-info.1"; sourceTree = "<group>"; };
		C63ED1D52DD087AE00A72418 /* sndfile-interleave.1 */ = {isa = PBXFileReference; lastKnownFileType = text.man; path = "sndfile-interleave.1"; sourceTree = "<group>"; };
		C63ED1D62DD087AE00A72418 /* sndfile-metadata-get.1 */ = {isa = PBXFileReference; lastKnownFileType = text.man; path = "sndfile-metadata-get.1"; sourceTree = "<group>"; };
		C63ED1D72DD087AE00A72418 /* sndfile-metadata-set.1 */ = {isa = PBXFileReference; lastKnownFileType = text.man; path = "sndfile-metadata-set.1"; sourceTree = "<group>"; };
		C63ED1D82DD087AE00A72418 /* sndfile-play.1 */ = {isa = PBXFileReference; lastKnownFileType = text.man; path = "sndfile-play.1"; sourceTree = "<group>"; };
		C63ED1D92DD087AE00A72418 /* sndfile-salvage.1 */ = {isa = PBXFileReference; lastKnownFileType = text.man; path = "sndfile-salvage.1"; sourceTree = "<group>"; };
		C63ED1DD2DD087AE00A72418 /* AUTHORS */ = {isa = PBXFileReference; lastKnownFileType = text; path = AUTHORS; sourceTree = "<group>"; };
		C63ED1DE2DD087AE00A72418 /* ChangeLog */ = {isa = PBXFileReference; lastKnownFileType = text; path = ChangeLog; sourceTree = "<group>"; };
		C63ED1DF2DD087AE00A72418 /* CHANGELOG.md */ = {isa = PBXFileReference; lastKnownFileType = net.daringfireball.markdown; path = CHANGELOG.md; sourceTree = "<group>"; };
		C63ED1E02DD087AE00A72418 /* COPYING */ = {isa = PBXFileReference; lastKnownFileType = text; path = COPYING; sourceTree = "<group>"; };
		C63ED1E12DD087AE00A72418 /* INSTALL_RECEIPT.json */ = {isa = PBXFileReference; lastKnownFileType = text.json; path = INSTALL_RECEIPT.json; sourceTree = "<group>"; };
		C63ED1E22DD087AE00A72418 /* README */ = {isa = PBXFileReference; lastKnownFileType = text; path = README; sourceTree = "<group>"; };
		C63ED1E32DD087AE00A72418 /* sbom.spdx.json */ = {isa = PBXFileReference; lastKnownFileType = text.json; path = sbom.spdx.json; sourceTree = "<group>"; };
		C6C2169C2DD5A1F10021EABE /* README.md */ = {isa = PBXFileReference; lastKnownFileType = net.daringfireball.markdown; path = README.md; sourceTree = "<group>"; };
		C6C2169E2DD5A2EE0021EABE /* NOTICE.me */ = {isa = PBXFileReference; lastKnownFileType = text; path = NOTICE.me; sourceTree = "<group>"; };
		C6C216A12DD5A3C10021EABE /* LICENSE */ = {isa = PBXFileReference; lastKnownFileType = text; path = LICENSE; sourceTree = "<group>"; };
		C6CE0FB12DCDA7AD0028F722 /* AkaiSConvert.app */ = {isa = PBXFileReference; explicitFileType = wrapper.application; includeInIndex = 0; path = AkaiSConvert.app; sourceTree = BUILT_PRODUCTS_DIR; };
		C6CE0FBF2DCDA7AF0028F722 /* AkaiSConvertTests.xctest */ = {isa = PBXFileReference; explicitFileType = wrapper.cfbundle; includeInIndex = 0; path = AkaiSConvertTests.xctest; sourceTree = BUILT_PRODUCTS_DIR; };
		C6CE0FC92DCDA7AF0028F722 /* AkaiSConvertUITests.xctest */ = {isa = PBXFileReference; explicitFileType = wrapper.cfbundle; includeInIndex = 0; path = AkaiSConvertUITests.xctest; sourceTree = BUILT_PRODUCTS_DIR; };
		C6E553C42DD1AE5000403630 /* module.modulemap */ = {isa = PBXFileReference; lastKnownFileType = "sourcecode.module-map"; path = module.modulemap; sourceTree = "<group>"; };
/* End PBXFileReference section */

/* Begin PBXFileSystemSynchronizedRootGroup section */
		C6CE0FB32DCDA7AD0028F722 /* AkaiSConvert */ = {
			isa = PBXFileSystemSynchronizedRootGroup;
			path = AkaiSConvert;
			sourceTree = "<group>";
		};
		C6CE0FC22DCDA7AF0028F722 /* AkaiSConvertTests */ = {
			isa = PBXFileSystemSynchronizedRootGroup;
			path = AkaiSConvertTests;
			sourceTree = "<group>";
		};
		C6CE0FCC2DCDA7AF0028F722 /* AkaiSConvertUITests */ = {
			isa = PBXFileSystemSynchronizedRootGroup;
			path = AkaiSConvertUITests;
			sourceTree = "<group>";
		};
/* End PBXFileSystemSynchronizedRootGroup section */

/* Begin PBXFrameworksBuildPhase section */
		C6CE0FAE2DCDA7AD0028F722 /* Frameworks */ = {
			isa = PBXFrameworksBuildPhase;
			buildActionMask = 2147483647;
			files = (
				C63ED1E52DD087FF00A72418 /* libsndfile.1.0.37.dylib in Frameworks */,
			);
			runOnlyForDeploymentPostprocessing = 0;
		};
		C6CE0FBC2DCDA7AF0028F722 /* Frameworks */ = {
			isa = PBXFrameworksBuildPhase;
			buildActionMask = 2147483647;
			files = (
			);
			runOnlyForDeploymentPostprocessing = 0;
		};
		C6CE0FC62DCDA7AF0028F722 /* Frameworks */ = {
			isa = PBXFrameworksBuildPhase;
			buildActionMask = 2147483647;
			files = (
			);
			runOnlyForDeploymentPostprocessing = 0;
		};
/* End PBXFrameworksBuildPhase section */

/* Begin PBXGroup section */
		C6206FC12DD7C075002C1C9C /* C */ = {
			isa = PBXGroup;
			children = (
				C638B9902DD84D3F000E4B43 /* akaiutil_constants.h */,
				C638B9862DD84671000E4B43 /* sample.h */,
				C6206FA92DD7C075002C1C9C /* akai_constants.h */,
				C6206FAA2DD7C075002C1C9C /* akaiutil.h */,
				C6206FAB2DD7C075002C1C9C /* akaiutil.c */,
				C6206FAC2DD7C075002C1C9C /* akaiutil_audioutils.h */,
				C6206FAD2DD7C075002C1C9C /* akaiutil_audioutils.c */,
				C6206FAE2DD7C075002C1C9C /* akaiutil_check.h */,
				C6206FAF2DD7C075002C1C9C /* akaiutil_check.c */,
				C6206FB02DD7C075002C1C9C /* akaiutil_file.h */,
				C6206FB12DD7C075002C1C9C /* akaiutil_file.c */,
				C6206FB22DD7C075002C1C9C /* akaiutil_io.h */,
				C6206FB32DD7C075002C1C9C /* akaiutil_io.c */,
				C6206FB42DD7C075002C1C9C /* akaiutil_main.c */,
				C6206FB52DD7C075002C1C9C /* akaiutil_take.h */,
				C6206FB62DD7C075002C1C9C /* akaiutil_take.c */,
				C6206FB72DD7C075002C1C9C /* akaiutil_tar.h */,
				C6206FB82DD7C075002C1C9C /* akaiutil_tar.c */,
				C6206FB92DD7C075002C1C9C /* akaiutil_trim.h */,
				C6206FBA2DD7C075002C1C9C /* akaiutil_trim.c */,
				C6206FBB2DD7C075002C1C9C /* akaiutil_wav.h */,
				C6206FBC2DD7C075002C1C9C /* akaiutil_wav.c */,
				C6206FBD2DD7C075002C1C9C /* Bridging-Header.h */,
				C6206FBE2DD7C075002C1C9C /* commoninclude.h */,
				C6206FBF2DD7C075002C1C9C /* commonlib.c */,
				C6206FC02DD7C075002C1C9C /* fdrawcmd.h */,
			);
			path = C;
			sourceTree = "<group>";
		};
		C62070342DD7C0E9002C1C9C /* Swift */ = {
			isa = PBXGroup;
			children = (
				C638B9952DD85DA4000E4B43 /* FileDropView.swift */,
				C638B9932DD857E6000E4B43 /* AkaiSConvertApp.swift */,
				C638B9912DD8555D000E4B43 /* ContentView.swift */,
				C638B9842DD83FE1000E4B43 /* ExportPreferences.swift */,
				C638B9802DD83F3C000E4B43 /* AkaiSampleTask.swift */,
				C638B9812DD83F3C000E4B43 /* SampleProcessingTask.swift */,
				C62070122DD7C0E9002C1C9C /* SamplerSettings.swift */,
				C62070132DD7C0E9002C1C9C /* SamplerSettingsView.swift */,
				C62070142DD7C0E9002C1C9C /* SamplerSettingsViewModel.swift */,
				C62070152DD7C0E9002C1C9C /* SamplerTarget.swift */,
				C62070162DD7C0E9002C1C9C /* SamplerType.swift */,
				C62070172DD7C0E9002C1C9C /* SamplerWarningView.swift */,
				C62070182DD7C0E9002C1C9C /* SampleTaskQueue.swift */,
				C62070192DD7C0E9002C1C9C /* SamplingSettings.swift */,
				C620701A2DD7C0E9002C1C9C /* SettingsManager.swift */,
				C620701B2DD7C0E9002C1C9C /* SilencePaddingView.swift */,
				C620701C2DD7C0E9002C1C9C /* SilenceSettingsView.swift */,
				C620701D2DD7C0E9002C1C9C /* SilenceTrimmer.swift */,
				C620701E2DD7C0E9002C1C9C /* SilenceUtils.swift */,
				C620701F2DD7C0E9002C1C9C /* SoundPreviewPlayer.swift */,
				C62070202DD7C0E9002C1C9C /* StatusIndicatorView.swift */,
				C62070212DD7C0E9002C1C9C /* StatusOverlayView.swift */,
				C62070222DD7C0E9002C1C9C /* SystemVolumeManager.swift */,
				C62070232DD7C0E9002C1C9C /* TaskRunner.swift */,
				C62070242DD7C0E9002C1C9C /* ToggleOption.swift */,
				C62070252DD7C0E9002C1C9C /* TrimOptions.swift */,
				C62070262DD7C0E9002C1C9C /* TrimOptionsView.swift */,
				C62070272DD7C0E9002C1C9C /* TrimUtility.swift */,
				C62070282DD7C0E9002C1C9C /* UserPreferences.swift */,
				C62070292DD7C0E9002C1C9C /* View+Extensions.swift */,
				C620702A2DD7C0E9002C1C9C /* VolumeNormalizationView.swift */,
				C620702B2DD7C0E9002C1C9C /* WaveformAnalyzer.swift */,
				C620702C2DD7C0E9002C1C9C /* WaveformPreview.swift */,
				C620702D2DD7C0E9002C1C9C /* WaveformUtils.swift */,
				C620702E2DD7C0E9002C1C9C /* WaveformView.swift */,
				C620702F2DD7C0E9002C1C9C /* WAVHeader.swift */,
				C62070302DD7C0E9002C1C9C /* WavPlayer.swift */,
				C62070312DD7C0E9002C1C9C /* WavPreviewPlayer.swift */,
				C62070322DD7C0E9002C1C9C /* WavVisualizer..swift */,
				C62070332DD7C0E9002C1C9C /* WavWriter.swift */,
			);
			path = Swift;
			sourceTree = "<group>";
		};
		C63ED1A02DD087AE00A72418 /* Frameworks */ = {
			isa = PBXGroup;
			children = (
				C63ED1E42DD087AE00A72418 /* 1.2.2_1 */,
			);
			name = Frameworks;
			sourceTree = "<group>";
		};
		C63ED1A22DD087AE00A72418 /* .brew */ = {
			isa = PBXGroup;
			children = (
				C63ED1A12DD087AE00A72418 /* libsndfile.rb */,
			);
			path = .brew;
			sourceTree = "<group>";
		};
		C63ED1AD2DD087AE00A72418 /* bin */ = {
			isa = PBXGroup;
			children = (
				C63ED1A32DD087AE00A72418 /* sndfile-cmp */,
				C63ED1A42DD087AE00A72418 /* sndfile-concat */,
				C63ED1A52DD087AE00A72418 /* sndfile-convert */,
				C63ED1A62DD087AE00A72418 /* sndfile-deinterleave */,
				C63ED1A72DD087AE00A72418 /* sndfile-info */,
				C63ED1A82DD087AE00A72418 /* sndfile-interleave */,
				C63ED1A92DD087AE00A72418 /* sndfile-metadata-get */,
				C63ED1AA2DD087AE00A72418 /* sndfile-metadata-set */,
				C63ED1AB2DD087AE00A72418 /* sndfile-play */,
				C63ED1AC2DD087AE00A72418 /* sndfile-salvage */,
			);
			path = bin;
			sourceTree = "<group>";
		};
		C63ED1B02DD087AE00A72418 /* include */ = {
			isa = PBXGroup;
			children = (
				C63ED1AE2DD087AE00A72418 /* sndfile.h */,
				C63ED1AF2DD087AE00A72418 /* sndfile.hh */,
			);
			path = include;
			sourceTree = "<group>";
		};
		C63ED1B52DD087AE00A72418 /* SndFile */ = {
			isa = PBXGroup;
			children = (
				C63ED1B12DD087AE00A72418 /* SndFileConfig.cmake */,
				C63ED1B22DD087AE00A72418 /* SndFileConfigVersion.cmake */,
				C63ED1B32DD087AE00A72418 /* SndFileTargets.cmake */,
				C63ED1B42DD087AE00A72418 /* SndFileTargets-release.cmake */,
			);
			path = SndFile;
			sourceTree = "<group>";
		};
		C63ED1B62DD087AE00A72418 /* cmake */ = {
			isa = PBXGroup;
			children = (
				C63ED1B52DD087AE00A72418 /* SndFile */,
			);
			path = cmake;
			sourceTree = "<group>";
		};
		C63ED1B82DD087AE00A72418 /* pkgconfig */ = {
			isa = PBXGroup;
			children = (
				C63ED1B72DD087AE00A72418 /* sndfile.pc */,
			);
			path = pkgconfig;
			sourceTree = "<group>";
		};
		C63ED1BD2DD087AE00A72418 /* lib */ = {
			isa = PBXGroup;
			children = (
				C63ED1B62DD087AE00A72418 /* cmake */,
				C63ED1B82DD087AE00A72418 /* pkgconfig */,
				C63ED1B92DD087AE00A72418 /* libsndfile.a */,
				C63ED1BA2DD087AE00A72418 /* libsndfile.dylib */,
				C63ED1BB2DD087AE00A72418 /* libsndfile.1.dylib */,
				C63ED1BC2DD087AE00A72418 /* libsndfile.1.0.37.dylib */,
			);
			path = lib;
			sourceTree = "<group>";
		};
		C63ED1CE2DD087AE00A72418 /* libsndfile */ = {
			isa = PBXGroup;
			children = (
				C63ED1BE2DD087AE00A72418 /* api.md */,
				C63ED1BF2DD087AE00A72418 /* bugs.md */,
				C63ED1C02DD087AE00A72418 /* command.md */,
				C63ED1C12DD087AE00A72418 /* embedded_files.md */,
				C63ED1C22DD087AE00A72418 /* FAQ.md */,
				C63ED1C32DD087AE00A72418 /* formats.md */,
				C63ED1C42DD087AE00A72418 /* index.md */,
				C63ED1C52DD087AE00A72418 /* libsndfile.css */,
				C63ED1C62DD087AE00A72418 /* libsndfile.jpg */,
				C63ED1C72DD087AE00A72418 /* lists.md */,
				C63ED1C82DD087AE00A72418 /* new_file_type_howto.md */,
				C63ED1C92DD087AE00A72418 /* octave.md */,
				C63ED1CA2DD087AE00A72418 /* print.css */,
				C63ED1CB2DD087AE00A72418 /* sndfile_info.md */,
				C63ED1CC2DD087AE00A72418 /* tutorial.md */,
				C63ED1CD2DD087AE00A72418 /* win32.md */,
			);
			path = libsndfile;
			sourceTree = "<group>";
		};
		C63ED1CF2DD087AE00A72418 /* doc */ = {
			isa = PBXGroup;
			children = (
				C63ED1CE2DD087AE00A72418 /* libsndfile */,
			);
			path = doc;
			sourceTree = "<group>";
		};
		C63ED1DA2DD087AE00A72418 /* man1 */ = {
			isa = PBXGroup;
			children = (
				C63ED1D02DD087AE00A72418 /* sndfile-cmp.1 */,
				C63ED1D12DD087AE00A72418 /* sndfile-concat.1 */,
				C63ED1D22DD087AE00A72418 /* sndfile-convert.1 */,
				C63ED1D32DD087AE00A72418 /* sndfile-deinterleave.1 */,
				C63ED1D42DD087AE00A72418 /* sndfile-info.1 */,
				C63ED1D52DD087AE00A72418 /* sndfile-interleave.1 */,
				C63ED1D62DD087AE00A72418 /* sndfile-metadata-get.1 */,
				C63ED1D72DD087AE00A72418 /* sndfile-metadata-set.1 */,
				C63ED1D82DD087AE00A72418 /* sndfile-play.1 */,
				C63ED1D92DD087AE00A72418 /* sndfile-salvage.1 */,
			);
			path = man1;
			sourceTree = "<group>";
		};
		C63ED1DB2DD087AE00A72418 /* man */ = {
			isa = PBXGroup;
			children = (
				C63ED1DA2DD087AE00A72418 /* man1 */,
			);
			path = man;
			sourceTree = "<group>";
		};
		C63ED1DC2DD087AE00A72418 /* share */ = {
			isa = PBXGroup;
			children = (
				C63ED1CF2DD087AE00A72418 /* doc */,
				C63ED1DB2DD087AE00A72418 /* man */,
			);
			path = share;
			sourceTree = "<group>";
		};
		C63ED1E42DD087AE00A72418 /* 1.2.2_1 */ = {
			isa = PBXGroup;
			children = (
				C63ED1A22DD087AE00A72418 /* .brew */,
				C63ED1AD2DD087AE00A72418 /* bin */,
				C63ED1B02DD087AE00A72418 /* include */,
				C63ED1BD2DD087AE00A72418 /* lib */,
				C63ED1DC2DD087AE00A72418 /* share */,
				C63ED1DD2DD087AE00A72418 /* AUTHORS */,
				C63ED1DE2DD087AE00A72418 /* ChangeLog */,
				C63ED1DF2DD087AE00A72418 /* CHANGELOG.md */,
				C63ED1E02DD087AE00A72418 /* COPYING */,
				C63ED1E12DD087AE00A72418 /* INSTALL_RECEIPT.json */,
				C63ED1E22DD087AE00A72418 /* README */,
				C63ED1E32DD087AE00A72418 /* sbom.spdx.json */,
			);
			name = 1.2.2_1;
			path = ../../../../../opt/homebrew/Cellar/libsndfile/1.2.2_1;
			sourceTree = "<group>";
		};
		C6CE0FA82DCDA7AD0028F722 = {
			isa = PBXGroup;
			children = (
				C6C216A12DD5A3C10021EABE /* LICENSE */,
				C6C2169C2DD5A1F10021EABE /* README.md */,
				C6C2169E2DD5A2EE0021EABE /* NOTICE.me */,
				C6E553C42DD1AE5000403630 /* module.modulemap */,
				C6CE0FB32DCDA7AD0028F722 /* AkaiSConvert */,
				C6CE0FC22DCDA7AF0028F722 /* AkaiSConvertTests */,
				C6CE0FCC2DCDA7AF0028F722 /* AkaiSConvertUITests */,
				C63ED1A02DD087AE00A72418 /* Frameworks */,
				C6CE0FB22DCDA7AD0028F722 /* Products */,
				C6206FC12DD7C075002C1C9C /* C */,
				C62070342DD7C0E9002C1C9C /* Swift */,
			);
			sourceTree = "<group>";
		};
		C6CE0FB22DCDA7AD0028F722 /* Products */ = {
			isa = PBXGroup;
			children = (
				C6CE0FB12DCDA7AD0028F722 /* AkaiSConvert.app */,
				C6CE0FBF2DCDA7AF0028F722 /* AkaiSConvertTests.xctest */,
				C6CE0FC92DCDA7AF0028F722 /* AkaiSConvertUITests.xctest */,
			);
			name = Products;
			sourceTree = "<group>";
		};
/* End PBXGroup section */

/* Begin PBXNativeTarget section */
		C6CE0FB02DCDA7AD0028F722 /* AkaiSConvert */ = {
			isa = PBXNativeTarget;
			buildConfigurationList = C6CE0FD32DCDA7AF0028F722 /* Build configuration list for PBXNativeTarget "AkaiSConvert" */;
			buildPhases = (
				C6CE0FAD2DCDA7AD0028F722 /* Sources */,
				C6CE0FAE2DCDA7AD0028F722 /* Frameworks */,
				C6CE0FAF2DCDA7AD0028F722 /* Resources */,
			);
			buildRules = (
			);
			dependencies = (
			);
			fileSystemSynchronizedGroups = (
				C6CE0FB32DCDA7AD0028F722 /* AkaiSConvert */,
			);
			name = AkaiSConvert;
			packageProductDependencies = (
			);
			productName = AkaiSConvert;
			productReference = C6CE0FB12DCDA7AD0028F722 /* AkaiSConvert.app */;
			productType = "com.apple.product-type.application";
		};
		C6CE0FBE2DCDA7AF0028F722 /* AkaiSConvertTests */ = {
			isa = PBXNativeTarget;
			buildConfigurationList = C6CE0FD62DCDA7AF0028F722 /* Build configuration list for PBXNativeTarget "AkaiSConvertTests" */;
			buildPhases = (
				C6CE0FBB2DCDA7AF0028F722 /* Sources */,
				C6CE0FBC2DCDA7AF0028F722 /* Frameworks */,
				C6CE0FBD2DCDA7AF0028F722 /* Resources */,
			);
			buildRules = (
			);
			dependencies = (
				C6CE0FC12DCDA7AF0028F722 /* PBXTargetDependency */,
			);
			fileSystemSynchronizedGroups = (
				C6CE0FC22DCDA7AF0028F722 /* AkaiSConvertTests */,
			);
			name = AkaiSConvertTests;
			packageProductDependencies = (
			);
			productName = AkaiSConvertTests;
			productReference = C6CE0FBF2DCDA7AF0028F722 /* AkaiSConvertTests.xctest */;
			productType = "com.apple.product-type.bundle.unit-test";
		};
		C6CE0FC82DCDA7AF0028F722 /* AkaiSConvertUITests */ = {
			isa = PBXNativeTarget;
			buildConfigurationList = C6CE0FD92DCDA7AF0028F722 /* Build configuration list for PBXNativeTarget "AkaiSConvertUITests" */;
			buildPhases = (
				C6CE0FC52DCDA7AF0028F722 /* Sources */,
				C6CE0FC62DCDA7AF0028F722 /* Frameworks */,
				C6CE0FC72DCDA7AF0028F722 /* Resources */,
			);
			buildRules = (
			);
			dependencies = (
				C6CE0FCB2DCDA7AF0028F722 /* PBXTargetDependency */,
			);
			fileSystemSynchronizedGroups = (
				C6CE0FCC2DCDA7AF0028F722 /* AkaiSConvertUITests */,
			);
			name = AkaiSConvertUITests;
			packageProductDependencies = (
			);
			productName = AkaiSConvertUITests;
			productReference = C6CE0FC92DCDA7AF0028F722 /* AkaiSConvertUITests.xctest */;
			productType = "com.apple.product-type.bundle.ui-testing";
		};
/* End PBXNativeTarget section */

/* Begin PBXProject section */
		C6CE0FA92DCDA7AD0028F722 /* Project object */ = {
			isa = PBXProject;
			attributes = {
				BuildIndependentTargetsInParallel = 1;
				LastSwiftUpdateCheck = 1630;
				LastUpgradeCheck = 1630;
				TargetAttributes = {
					C6CE0FB02DCDA7AD0028F722 = {
						CreatedOnToolsVersion = 16.3;
					};
					C6CE0FBE2DCDA7AF0028F722 = {
						CreatedOnToolsVersion = 16.3;
						TestTargetID = C6CE0FB02DCDA7AD0028F722;
					};
					C6CE0FC82DCDA7AF0028F722 = {
						CreatedOnToolsVersion = 16.3;
						TestTargetID = C6CE0FB02DCDA7AD0028F722;
					};
				};
			};
			buildConfigurationList = C6CE0FAC2DCDA7AD0028F722 /* Build configuration list for PBXProject "AkaiSConvert" */;
			developmentRegion = en;
			hasScannedForEncodings = 0;
			knownRegions = (
				en,
				Base,
			);
			mainGroup = C6CE0FA82DCDA7AD0028F722;
			minimizedProjectReferenceProxies = 1;
			preferredProjectObjectVersion = 77;
			productRefGroup = C6CE0FB22DCDA7AD0028F722 /* Products */;
			projectDirPath = "";
			projectRoot = "";
			targets = (
				C6CE0FB02DCDA7AD0028F722 /* AkaiSConvert */,
				C6CE0FBE2DCDA7AF0028F722 /* AkaiSConvertTests */,
				C6CE0FC82DCDA7AF0028F722 /* AkaiSConvertUITests */,
			);
		};
/* End PBXProject section */

/* Begin PBXResourcesBuildPhase section */
		C6CE0FAF2DCDA7AD0028F722 /* Resources */ = {
			isa = PBXResourcesBuildPhase;
			buildActionMask = 2147483647;
			files = (
				C6C2169D2DD5A1F10021EABE /* README.md in Resources */,
				C6C216A22DD5A3C10021EABE /* LICENSE in Resources */,
				C6C2169F2DD5A2F70021EABE /* NOTICE.me in Resources */,
			);
			runOnlyForDeploymentPostprocessing = 0;
		};
		C6CE0FBD2DCDA7AF0028F722 /* Resources */ = {
			isa = PBXResourcesBuildPhase;
			buildActionMask = 2147483647;
			files = (
			);
			runOnlyForDeploymentPostprocessing = 0;
		};
		C6CE0FC72DCDA7AF0028F722 /* Resources */ = {
			isa = PBXResourcesBuildPhase;
			buildActionMask = 2147483647;
			files = (
			);
			runOnlyForDeploymentPostprocessing = 0;
		};
/* End PBXResourcesBuildPhase section */

/* Begin PBXSourcesBuildPhase section */
		C6CE0FAD2DCDA7AD0028F722 /* Sources */ = {
			isa = PBXSourcesBuildPhase;
			buildActionMask = 2147483647;
			files = (
				C6206FC22DD7C075002C1C9C /* akaiutil_take.c in Sources */,
				C6206FC42DD7C075002C1C9C /* akaiutil_trim.c in Sources */,
				C6206FC52DD7C075002C1C9C /* commonlib.c in Sources */,
				C6206FC62DD7C075002C1C9C /* akaiutil_io.c in Sources */,
				C6206FC72DD7C075002C1C9C /* akaiutil_wav.c in Sources */,
				C638B9962DD85DA4000E4B43 /* FileDropView.swift in Sources */,
				C638B9852DD83FE1000E4B43 /* ExportPreferences.swift in Sources */,
				C6206FC82DD7C075002C1C9C /* akaiutil_check.c in Sources */,
				C6206FC92DD7C075002C1C9C /* akaiutil_tar.c in Sources */,
				C638B9922DD85562000E4B43 /* ContentView.swift in Sources */,
				C6206FCA2DD7C075002C1C9C /* akaiutil_audioutils.c in Sources */,
				C6206FCB2DD7C075002C1C9C /* akaiutil_file.c in Sources */,
				C6206FCC2DD7C075002C1C9C /* akaiutil.c in Sources */,
				C62070352DD7C0E9002C1C9C /* SilenceSettingsView.swift in Sources */,
				C62070362DD7C0E9002C1C9C /* SoundPreviewPlayer.swift in Sources */,
				C62070372DD7C0E9002C1C9C /* SamplerSettingsView.swift in Sources */,
				C62070382DD7C0E9002C1C9C /* StatusOverlayView.swift in Sources */,
				C62070392DD7C0E9002C1C9C /* SamplerTarget.swift in Sources */,
				C620703A2DD7C0E9002C1C9C /* SamplerType.swift in Sources */,
				C620703B2DD7C0E9002C1C9C /* WavPlayer.swift in Sources */,
				C620703C2DD7C0E9002C1C9C /* View+Extensions.swift in Sources */,
				C620703D2DD7C0E9002C1C9C /* SampleTaskQueue.swift in Sources */,
				C620703E2DD7C0E9002C1C9C /* TrimOptions.swift in Sources */,
				C638B9822DD83F3C000E4B43 /* SampleProcessingTask.swift in Sources */,
				C638B9832DD83F3C000E4B43 /* AkaiSampleTask.swift in Sources */,
				C620703F2DD7C0E9002C1C9C /* ToggleOption.swift in Sources */,
				C62070402DD7C0E9002C1C9C /* WaveformPreview.swift in Sources */,
				C62070412DD7C0E9002C1C9C /* SilencePaddingView.swift in Sources */,
				C62070422DD7C0E9002C1C9C /* WavPreviewPlayer.swift in Sources */,
				C62070432DD7C0E9002C1C9C /* VolumeNormalizationView.swift in Sources */,
				C62070442DD7C0E9002C1C9C /* WAVHeader.swift in Sources */,
				C62070452DD7C0E9002C1C9C /* WavVisualizer..swift in Sources */,
				C62070462DD7C0E9002C1C9C /* WaveformUtils.swift in Sources */,
				C62070472DD7C0E9002C1C9C /* WavWriter.swift in Sources */,
				C62070482DD7C0E9002C1C9C /* SilenceUtils.swift in Sources */,
				C638B9942DD857E8000E4B43 /* AkaiSConvertApp.swift in Sources */,
				C62070492DD7C0E9002C1C9C /* WaveformView.swift in Sources */,
				C620704A2DD7C0E9002C1C9C /* SamplerWarningView.swift in Sources */,
				C620704B2DD7C0E9002C1C9C /* WaveformAnalyzer.swift in Sources */,
				C620704C2DD7C0E9002C1C9C /* TrimOptionsView.swift in Sources */,
				C620704D2DD7C0E9002C1C9C /* SettingsManager.swift in Sources */,
				C620704E2DD7C0E9002C1C9C /* SamplingSettings.swift in Sources */,
				C620704F2DD7C0E9002C1C9C /* StatusIndicatorView.swift in Sources */,
				C62070502DD7C0E9002C1C9C /* SilenceTrimmer.swift in Sources */,
				C62070512DD7C0E9002C1C9C /* TaskRunner.swift in Sources */,
				C62070522DD7C0E9002C1C9C /* SamplerSettingsViewModel.swift in Sources */,
				C62070532DD7C0E9002C1C9C /* TrimUtility.swift in Sources */,
				C62070542DD7C0E9002C1C9C /* SystemVolumeManager.swift in Sources */,
				C62070552DD7C0E9002C1C9C /* SamplerSettings.swift in Sources */,
				C62070562DD7C0E9002C1C9C /* UserPreferences.swift in Sources */,
			);
			runOnlyForDeploymentPostprocessing = 0;
		};
		C6CE0FBB2DCDA7AF0028F722 /* Sources */ = {
			isa = PBXSourcesBuildPhase;
			buildActionMask = 2147483647;
			files = (
			);
			runOnlyForDeploymentPostprocessing = 0;
		};
		C6CE0FC52DCDA7AF0028F722 /* Sources */ = {
			isa = PBXSourcesBuildPhase;
			buildActionMask = 2147483647;
			files = (
			);
			runOnlyForDeploymentPostprocessing = 0;
		};
/* End PBXSourcesBuildPhase section */

/* Begin PBXTargetDependency section */
		C6CE0FC12DCDA7AF0028F722 /* PBXTargetDependency */ = {
			isa = PBXTargetDependency;
			target = C6CE0FB02DCDA7AD0028F722 /* AkaiSConvert */;
			targetProxy = C6CE0FC02DCDA7AF0028F722 /* PBXContainerItemProxy */;
		};
		C6CE0FCB2DCDA7AF0028F722 /* PBXTargetDependency */ = {
			isa = PBXTargetDependency;
			target = C6CE0FB02DCDA7AD0028F722 /* AkaiSConvert */;
			targetProxy = C6CE0FCA2DCDA7AF0028F722 /* PBXContainerItemProxy */;
		};
/* End PBXTargetDependency section */

/* Begin XCBuildConfiguration section */
		C6CE0FD12DCDA7AF0028F722 /* Debug */ = {
			isa = XCBuildConfiguration;
			buildSettings = {
				ALWAYS_SEARCH_USER_PATHS = NO;
				ASSETCATALOG_COMPILER_GENERATE_SWIFT_ASSET_SYMBOL_EXTENSIONS = YES;
				CLANG_ANALYZER_NONNULL = YES;
				CLANG_ANALYZER_NUMBER_OBJECT_CONVERSION = YES_AGGRESSIVE;
				CLANG_CXX_LANGUAGE_STANDARD = "gnu++20";
				CLANG_ENABLE_MODULES = YES;
				CLANG_ENABLE_OBJC_ARC = YES;
				CLANG_ENABLE_OBJC_WEAK = YES;
				CLANG_WARN_BLOCK_CAPTURE_AUTORELEASING = YES;
				CLANG_WARN_BOOL_CONVERSION = YES;
				CLANG_WARN_COMMA = YES;
				CLANG_WARN_CONSTANT_CONVERSION = YES;
				CLANG_WARN_DEPRECATED_OBJC_IMPLEMENTATIONS = YES;
				CLANG_WARN_DIRECT_OBJC_ISA_USAGE = YES_ERROR;
				CLANG_WARN_DOCUMENTATION_COMMENTS = YES;
				CLANG_WARN_EMPTY_BODY = YES;
				CLANG_WARN_ENUM_CONVERSION = YES;
				CLANG_WARN_INFINITE_RECURSION = YES;
				CLANG_WARN_INT_CONVERSION = YES;
				CLANG_WARN_NON_LITERAL_NULL_CONVERSION = YES;
				CLANG_WARN_OBJC_IMPLICIT_RETAIN_SELF = YES;
				CLANG_WARN_OBJC_LITERAL_CONVERSION = YES;
				CLANG_WARN_OBJC_ROOT_CLASS = YES_ERROR;
				CLANG_WARN_QUOTED_INCLUDE_IN_FRAMEWORK_HEADER = YES;
				CLANG_WARN_RANGE_LOOP_ANALYSIS = YES;
				CLANG_WARN_STRICT_PROTOTYPES = YES;
				CLANG_WARN_SUSPICIOUS_MOVE = YES;
				CLANG_WARN_UNGUARDED_AVAILABILITY = YES_AGGRESSIVE;
				CLANG_WARN_UNREACHABLE_CODE = YES;
				CLANG_WARN__DUPLICATE_METHOD_MATCH = YES;
				COPY_PHASE_STRIP = NO;
				DEBUG_INFORMATION_FORMAT = dwarf;
				ENABLE_STRICT_OBJC_MSGSEND = YES;
				ENABLE_TESTABILITY = YES;
				ENABLE_USER_SCRIPT_SANDBOXING = YES;
				GCC_C_LANGUAGE_STANDARD = gnu17;
				GCC_DYNAMIC_NO_PIC = NO;
				GCC_NO_COMMON_BLOCKS = YES;
				GCC_OPTIMIZATION_LEVEL = 0;
				GCC_PREPROCESSOR_DEFINITIONS = (
					"DEBUG=1",
					"$(inherited)",
				);
				GCC_WARN_64_TO_32_BIT_CONVERSION = YES;
				GCC_WARN_ABOUT_RETURN_TYPE = YES_ERROR;
				GCC_WARN_UNDECLARED_SELECTOR = YES;
				GCC_WARN_UNINITIALIZED_AUTOS = YES_AGGRESSIVE;
				GCC_WARN_UNUSED_FUNCTION = YES;
				GCC_WARN_UNUSED_VARIABLE = YES;
				LOCALIZATION_PREFERS_STRING_CATALOGS = YES;
				MACOSX_DEPLOYMENT_TARGET = 15.4;
				MTL_ENABLE_DEBUG_INFO = INCLUDE_SOURCE;
				MTL_FAST_MATH = YES;
				ONLY_ACTIVE_ARCH = YES;
				SDKROOT = macosx;
				SWIFT_ACTIVE_COMPILATION_CONDITIONS = "DEBUG $(inherited)";
				SWIFT_OPTIMIZATION_LEVEL = "-Onone";
			};
			name = Debug;
		};
		C6CE0FD22DCDA7AF0028F722 /* Release */ = {
			isa = XCBuildConfiguration;
			buildSettings = {
				ALWAYS_SEARCH_USER_PATHS = NO;
				ASSETCATALOG_COMPILER_GENERATE_SWIFT_ASSET_SYMBOL_EXTENSIONS = YES;
				CLANG_ANALYZER_NONNULL = YES;
				CLANG_ANALYZER_NUMBER_OBJECT_CONVERSION = YES_AGGRESSIVE;
				CLANG_CXX_LANGUAGE_STANDARD = "gnu++20";
				CLANG_ENABLE_MODULES = YES;
				CLANG_ENABLE_OBJC_ARC = YES;
				CLANG_ENABLE_OBJC_WEAK = YES;
				CLANG_WARN_BLOCK_CAPTURE_AUTORELEASING = YES;
				CLANG_WARN_BOOL_CONVERSION = YES;
				CLANG_WARN_COMMA = YES;
				CLANG_WARN_CONSTANT_CONVERSION = YES;
				CLANG_WARN_DEPRECATED_OBJC_IMPLEMENTATIONS = YES;
				CLANG_WARN_DIRECT_OBJC_ISA_USAGE = YES_ERROR;
				CLANG_WARN_DOCUMENTATION_COMMENTS = YES;
				CLANG_WARN_EMPTY_BODY = YES;
				CLANG_WARN_ENUM_CONVERSION = YES;
				CLANG_WARN_INFINITE_RECURSION = YES;
				CLANG_WARN_INT_CONVERSION = YES;
				CLANG_WARN_NON_LITERAL_NULL_CONVERSION = YES;
				CLANG_WARN_OBJC_IMPLICIT_RETAIN_SELF = YES;
				CLANG_WARN_OBJC_LITERAL_CONVERSION = YES;
				CLANG_WARN_OBJC_ROOT_CLASS = YES_ERROR;
				CLANG_WARN_QUOTED_INCLUDE_IN_FRAMEWORK_HEADER = YES;
				CLANG_WARN_RANGE_LOOP_ANALYSIS = YES;
				CLANG_WARN_STRICT_PROTOTYPES = YES;
				CLANG_WARN_SUSPICIOUS_MOVE = YES;
				CLANG_WARN_UNGUARDED_AVAILABILITY = YES_AGGRESSIVE;
				CLANG_WARN_UNREACHABLE_CODE = YES;
				CLANG_WARN__DUPLICATE_METHOD_MATCH = YES;
				COPY_PHASE_STRIP = NO;
				DEBUG_INFORMATION_FORMAT = "dwarf-with-dsym";
				ENABLE_NS_ASSERTIONS = NO;
				ENABLE_STRICT_OBJC_MSGSEND = YES;
				ENABLE_USER_SCRIPT_SANDBOXING = YES;
				GCC_C_LANGUAGE_STANDARD = gnu17;
				GCC_NO_COMMON_BLOCKS = YES;
				GCC_WARN_64_TO_32_BIT_CONVERSION = YES;
				GCC_WARN_ABOUT_RETURN_TYPE = YES_ERROR;
				GCC_WARN_UNDECLARED_SELECTOR = YES;
				GCC_WARN_UNINITIALIZED_AUTOS = YES_AGGRESSIVE;
				GCC_WARN_UNUSED_FUNCTION = YES;
				GCC_WARN_UNUSED_VARIABLE = YES;
				LOCALIZATION_PREFERS_STRING_CATALOGS = YES;
				MACOSX_DEPLOYMENT_TARGET = 15.4;
				MTL_ENABLE_DEBUG_INFO = NO;
				MTL_FAST_MATH = YES;
				SDKROOT = macosx;
				SWIFT_COMPILATION_MODE = wholemodule;
			};
			name = Release;
		};
		C6CE0FD42DCDA7AF0028F722 /* Debug */ = {
			isa = XCBuildConfiguration;
			buildSettings = {
				ASSETCATALOG_COMPILER_APPICON_NAME = AppIcon;
				ASSETCATALOG_COMPILER_GLOBAL_ACCENT_COLOR_NAME = AccentColor;
				CODE_SIGN_ENTITLEMENTS = AkaiSConvert/AkaiSConvert.entitlements;
				CODE_SIGN_STYLE = Automatic;
				COMBINE_HIDPI_IMAGES = YES;
				CURRENT_PROJECT_VERSION = 1;
				ENABLE_PREVIEWS = YES;
				GENERATE_INFOPLIST_FILE = YES;
				HEADER_SEARCH_PATHS = (
					"$(SRCROOT)/**",
					"/opt/homebrew/include/**",
					"/opt/homebrew/opt/**",
					"/opt/homebrew/opt/libsndfile/include/**",
					"/opt/homebrew/opt/libsndfile/lib/**",
				);
				INFOPLIST_KEY_NSHumanReadableCopyright = "";
				LD_RUNPATH_SEARCH_PATHS = (
					"$(inherited)",
					"@executable_path/../Frameworks",
				);
				LIBRARY_SEARCH_PATHS = (
					/opt/homebrew/lib,
					/opt/homebrew/Cellar/libsndfile/1.2.2_1/lib,
				);
				MARKETING_VERSION = 1.0;
				MODULEMAP_FILE = "$(SRCROOT)/AkaiSConvert/module.modulemap\n";
				PRODUCT_BUNDLE_IDENTIFIER = com.caprikarealty.AkaiSConvert;
				PRODUCT_NAME = "$(TARGET_NAME)";
				REGISTER_APP_GROUPS = YES;
				SWIFT_EMIT_LOC_STRINGS = YES;
				SWIFT_INCLUDE_PATHS = "$(SRCROOT)/AkaiSConvert $(SRCROOT)/**";
				SWIFT_OBJC_BRIDGING_HEADER = "C/Bridging-Header.h";
				SWIFT_VERSION = 5.0;
			};
			name = Debug;
		};
		C6CE0FD52DCDA7AF0028F722 /* Release */ = {
			isa = XCBuildConfiguration;
			buildSettings = {
				ASSETCATALOG_COMPILER_APPICON_NAME = AppIcon;
				ASSETCATALOG_COMPILER_GLOBAL_ACCENT_COLOR_NAME = AccentColor;
				CODE_SIGN_ENTITLEMENTS = AkaiSConvert/AkaiSConvert.entitlements;
				CODE_SIGN_STYLE = Automatic;
				COMBINE_HIDPI_IMAGES = YES;
				CURRENT_PROJECT_VERSION = 1;
				ENABLE_PREVIEWS = YES;
				GENERATE_INFOPLIST_FILE = YES;
				HEADER_SEARCH_PATHS = (
					"$(SRCROOT)/**",
					"/opt/homebrew/include/**",
					"/opt/homebrew/opt/**",
					"/opt/homebrew/opt/libsndfile/include/**",
					"/opt/homebrew/opt/libsndfile/lib/**",
				);
				INFOPLIST_KEY_NSHumanReadableCopyright = "";
				LD_RUNPATH_SEARCH_PATHS = (
					"$(inherited)",
					"@executable_path/../Frameworks",
				);
				LIBRARY_SEARCH_PATHS = (
					/opt/homebrew/lib,
					/opt/homebrew/Cellar/libsndfile/1.2.2_1/lib,
				);
				MARKETING_VERSION = 1.0;
				MODULEMAP_FILE = "$(SRCROOT)/AkaiSConvert/module.modulemap\n";
				PRODUCT_BUNDLE_IDENTIFIER = com.caprikarealty.AkaiSConvert;
				PRODUCT_NAME = "$(TARGET_NAME)";
				REGISTER_APP_GROUPS = YES;
				SWIFT_EMIT_LOC_STRINGS = YES;
				SWIFT_INCLUDE_PATHS = "$(SRCROOT)/AkaiSConvert $(SRCROOT)/**";
				SWIFT_OBJC_BRIDGING_HEADER = "C/Bridging-Header.h";
				SWIFT_VERSION = 5.0;
			};
			name = Release;
		};
		C6CE0FD72DCDA7AF0028F722 /* Debug */ = {
			isa = XCBuildConfiguration;
			buildSettings = {
				BUNDLE_LOADER = "$(TEST_HOST)";
				CODE_SIGN_STYLE = Automatic;
				CURRENT_PROJECT_VERSION = 1;
				GENERATE_INFOPLIST_FILE = YES;
				MACOSX_DEPLOYMENT_TARGET = 15.4;
				MARKETING_VERSION = 1.0;
				PRODUCT_BUNDLE_IDENTIFIER = com.caprikarealty.AkaiSConvertTests;
				PRODUCT_NAME = "$(TARGET_NAME)";
				SWIFT_EMIT_LOC_STRINGS = NO;
				SWIFT_VERSION = 5.0;
				TEST_HOST = "$(BUILT_PRODUCTS_DIR)/AkaiSConvert.app/$(BUNDLE_EXECUTABLE_FOLDER_PATH)/AkaiSConvert";
			};
			name = Debug;
		};
		C6CE0FD82DCDA7AF0028F722 /* Release */ = {
			isa = XCBuildConfiguration;
			buildSettings = {
				BUNDLE_LOADER = "$(TEST_HOST)";
				CODE_SIGN_STYLE = Automatic;
				CURRENT_PROJECT_VERSION = 1;
				GENERATE_INFOPLIST_FILE = YES;
				MACOSX_DEPLOYMENT_TARGET = 15.4;
				MARKETING_VERSION = 1.0;
				PRODUCT_BUNDLE_IDENTIFIER = com.caprikarealty.AkaiSConvertTests;
				PRODUCT_NAME = "$(TARGET_NAME)";
				SWIFT_EMIT_LOC_STRINGS = NO;
				SWIFT_VERSION = 5.0;
				TEST_HOST = "$(BUILT_PRODUCTS_DIR)/AkaiSConvert.app/$(BUNDLE_EXECUTABLE_FOLDER_PATH)/AkaiSConvert";
			};
			name = Release;
		};
		C6CE0FDA2DCDA7AF0028F722 /* Debug */ = {
			isa = XCBuildConfiguration;
			buildSettings = {
				CODE_SIGN_STYLE = Automatic;
				CURRENT_PROJECT_VERSION = 1;
				GENERATE_INFOPLIST_FILE = YES;
				MARKETING_VERSION = 1.0;
				PRODUCT_BUNDLE_IDENTIFIER = com.caprikarealty.AkaiSConvertUITests;
				PRODUCT_NAME = "$(TARGET_NAME)";
				SWIFT_EMIT_LOC_STRINGS = NO;
				SWIFT_VERSION = 5.0;
				TEST_TARGET_NAME = AkaiSConvert;
			};
			name = Debug;
		};
		C6CE0FDB2DCDA7AF0028F722 /* Release */ = {
			isa = XCBuildConfiguration;
			buildSettings = {
				CODE_SIGN_STYLE = Automatic;
				CURRENT_PROJECT_VERSION = 1;
				GENERATE_INFOPLIST_FILE = YES;
				MARKETING_VERSION = 1.0;
				PRODUCT_BUNDLE_IDENTIFIER = com.caprikarealty.AkaiSConvertUITests;
				PRODUCT_NAME = "$(TARGET_NAME)";
				SWIFT_EMIT_LOC_STRINGS = NO;
				SWIFT_VERSION = 5.0;
				TEST_TARGET_NAME = AkaiSConvert;
			};
			name = Release;
		};
/* End XCBuildConfiguration section */

/* Begin XCConfigurationList section */
		C6CE0FAC2DCDA7AD0028F722 /* Build configuration list for PBXProject "AkaiSConvert" */ = {
			isa = XCConfigurationList;
			buildConfigurations = (
				C6CE0FD12DCDA7AF0028F722 /* Debug */,
				C6CE0FD22DCDA7AF0028F722 /* Release */,
			);
			defaultConfigurationIsVisible = 0;
			defaultConfigurationName = Release;
		};
		C6CE0FD32DCDA7AF0028F722 /* Build configuration list for PBXNativeTarget "AkaiSConvert" */ = {
			isa = XCConfigurationList;
			buildConfigurations = (
				C6CE0FD42DCDA7AF0028F722 /* Debug */,
				C6CE0FD52DCDA7AF0028F722 /* Release */,
			);
			defaultConfigurationIsVisible = 0;
			defaultConfigurationName = Release;
		};
		C6CE0FD62DCDA7AF0028F722 /* Build configuration list for PBXNativeTarget "AkaiSConvertTests" */ = {
			isa = XCConfigurationList;
			buildConfigurations = (
				C6CE0FD72DCDA7AF0028F722 /* Debug */,
				C6CE0FD82DCDA7AF0028F722 /* Release */,
			);
			defaultConfigurationIsVisible = 0;
			defaultConfigurationName = Release;
		};
		C6CE0FD92DCDA7AF0028F722 /* Build configuration list for PBXNativeTarget "AkaiSConvertUITests" */ = {
			isa = XCConfigurationList;
			buildConfigurations = (
				C6CE0FDA2DCDA7AF0028F722 /* Debug */,
				C6CE0FDB2DCDA7AF0028F722 /* Release */,
			);
			defaultConfigurationIsVisible = 0;
			defaultConfigurationName = Release;
		};
/* End XCConfigurationList section */
	};
	rootObject = C6CE0FA92DCDA7AD0028F722 /* Project object */;
}
